<?xml version="1.0" encoding="utf-8"?>
<Project ToolsVersion="4.0" xmlns="http://schemas.microsoft.com/developer/msbuild/2003">
  <ItemGroup>
    <Filter Include="소스 파일">
      <UniqueIdentifier>{4FC737F1-C7A5-4376-A066-2A32D752A2FF}</UniqueIdentifier>
      <Extensions>cpp;c;cc;cxx;def;odl;idl;hpj;bat;asm;asmx</Extensions>
    </Filter>
    <Filter Include="헤더 파일">
      <UniqueIdentifier>{93995380-89BD-4b04-88EB-625FBE52EBFB}</UniqueIdentifier>
      <Extensions>h;hh;hpp;hxx;hm;inl;inc;xsd</Extensions>
    </Filter>
    <Filter Include="리소스 파일">
      <UniqueIdentifier>{67DA6AB6-F800-4c08-8B7A-83BB121AAD01}</UniqueIdentifier>
      <Extensions>rc;ico;cur;bmp;dlg;rc2;rct;bin;rgs;gif;jpg;jpeg;jpe;resx;tiff;tif;png;wav;mfcribbon-ms</Extensions>
    </Filter>
    <Filter Include="3DFrameWork">
      <UniqueIdentifier>{6ea04602-c22e-4ced-802b-0dc268799c7a}</UniqueIdentifier>
    </Filter>
    <Filter Include="playGround">
      <UniqueIdentifier>{19e754d7-2f26-47b7-be9f-649d9eacf79f}</UniqueIdentifier>
    </Filter>
    <Filter Include="playGround\cube">
      <UniqueIdentifier>{209804d9-ba85-44d4-9a21-e9b09716a1aa}</UniqueIdentifier>
    </Filter>
    <Filter Include="playGround\grid">
      <UniqueIdentifier>{57040d8d-899c-411b-83f4-5b4c4e4c772c}</UniqueIdentifier>
    </Filter>
    <Filter Include="playGround\camera">
      <UniqueIdentifier>{e781942f-d9c8-455a-a5b5-a966b06941ab}</UniqueIdentifier>
    </Filter>
    <Filter Include="3DFrameWork\Parser">
      <UniqueIdentifier>{c5071d43-b6d7-4e54-985b-cde1eb8d919d}</UniqueIdentifier>
    </Filter>
    <Filter Include="playGround\object">
      <UniqueIdentifier>{aaf04ef8-1cf8-43fb-bbe0-933bc8772ca7}</UniqueIdentifier>
    </Filter>
    <Filter Include="3DFrameWork\Parser\OBJ파일">
      <UniqueIdentifier>{3d0f69e1-c4e0-419a-b97b-755da8ca9a60}</UniqueIdentifier>
    </Filter>
    <Filter Include="3DFrameWork\Parser\ASE파일">
      <UniqueIdentifier>{cd334a54-c12c-4fcb-b836-3b3c0f3dc5c3}</UniqueIdentifier>
    </Filter>
    <Filter Include="playGround\action">
      <UniqueIdentifier>{3bd50e5e-8085-4334-a7d3-fb31c033ffa1}</UniqueIdentifier>
    </Filter>
    <Filter Include="playGround\ray">
      <UniqueIdentifier>{22b8524b-fb74-4f56-bb80-e553558f5b15}</UniqueIdentifier>
    </Filter>
    <Filter Include="3DFrameWork\SkinnedMesh">
      <UniqueIdentifier>{74b4d146-5564-4e93-b298-4fd689494d58}</UniqueIdentifier>
    </Filter>
    <Filter Include="3DFrameWork\MANAGERS">
      <UniqueIdentifier>{c7ecb944-79c2-43c4-aee2-d43c9dddc566}</UniqueIdentifier>
    </Filter>
    <Filter Include="3DFrameWork\MANAGERS\materialManager">
      <UniqueIdentifier>{c69b5350-9de4-4d8d-a0cc-daa312e1e446}</UniqueIdentifier>
    </Filter>
    <Filter Include="3DFrameWork\MANAGERS\keyManager">
      <UniqueIdentifier>{0cc0cf18-d5dc-4de6-a1e4-aef2e601e724}</UniqueIdentifier>
    </Filter>
    <Filter Include="3DFrameWork\MANAGERS\fontManager">
      <UniqueIdentifier>{a8d85d39-c30b-4464-bd41-61a3d4fb6490}</UniqueIdentifier>
    </Filter>
    <Filter Include="3DFrameWork\MANAGERS\deviceManager">
      <UniqueIdentifier>{9228a5e8-7c2d-4db1-a783-5ed906024d94}</UniqueIdentifier>
    </Filter>
    <Filter Include="3DFrameWork\MANAGERS\textureManager">
      <UniqueIdentifier>{c12f1d96-e6d0-456d-8f46-5e40980778c3}</UniqueIdentifier>
    </Filter>
    <Filter Include="3DFrameWork\MANAGERS\timeManager">
      <UniqueIdentifier>{bd0595a2-8d0d-4079-b475-5df4f12c537c}</UniqueIdentifier>
    </Filter>
    <Filter Include="3DFrameWork\MANAGERS\soundManager">
      <UniqueIdentifier>{1445b6a5-8168-477d-b47a-51e98b5060b2}</UniqueIdentifier>
    </Filter>
    <Filter Include="3DFrameWork\MANAGERS\inidataManager">
      <UniqueIdentifier>{4a4cf1dc-c14f-461f-9918-097f10a09ba1}</UniqueIdentifier>
    </Filter>
    <Filter Include="3DFrameWork\MANAGERS\sceneManager">
      <UniqueIdentifier>{f657018a-7398-4022-8f73-b8665f347d2d}</UniqueIdentifier>
    </Filter>
    <Filter Include="playGround\김수빈">
      <UniqueIdentifier>{3f8c4f52-7cd3-450c-bcc2-3d05206f02c3}</UniqueIdentifier>
    </Filter>
    <Filter Include="playGround\이정민">
      <UniqueIdentifier>{47a2f365-dbba-4e9a-ab2e-f1650e2dbb12}</UniqueIdentifier>
    </Filter>
    <Filter Include="playGround\정동윤">
      <UniqueIdentifier>{ad96aeb5-f9a7-4818-8a62-25c3ace5ebe2}</UniqueIdentifier>
    </Filter>
    <Filter Include="playGround\한재선">
      <UniqueIdentifier>{8938904d-7ada-4990-af28-651ec1b2305c}</UniqueIdentifier>
    </Filter>
    <Filter Include="3DFrameWork\MANAGERS\imageManager">
      <UniqueIdentifier>{84e69795-eaf9-467c-945f-7517980c78c5}</UniqueIdentifier>
    </Filter>
    <Filter Include="3DFrameWork\UIObject">
      <UniqueIdentifier>{95e8d379-ff9d-4fd6-8795-2244bf41579b}</UniqueIdentifier>
    </Filter>
    <Filter Include="3DFrameWork\UIObject\UIButton">
      <UniqueIdentifier>{185a83fe-97bb-4701-a03e-5ca376b66d39}</UniqueIdentifier>
    </Filter>
    <Filter Include="3DFrameWork\UIObject\UIImageView">
      <UniqueIdentifier>{bb6cbed8-ebf2-4174-84ed-b6f5f2e50278}</UniqueIdentifier>
    </Filter>
    <Filter Include="3DFrameWork\UIObject\UITextView">
      <UniqueIdentifier>{256312f7-f85f-4ac6-8c76-46b9721baadf}</UniqueIdentifier>
    </Filter>
    <Filter Include="playGround\정동윤\scenes">
      <UniqueIdentifier>{dacfeda9-6d28-4a87-aba8-a85384ecb835}</UniqueIdentifier>
    </Filter>
    <Filter Include="playGround\정동윤\scenes\selectScene">
      <UniqueIdentifier>{f7bb4e89-9858-4166-99d1-a9bd88f86f2d}</UniqueIdentifier>
    </Filter>
    <Filter Include="playGround\이정민\enemyManager">
      <UniqueIdentifier>{96b2f016-724d-4615-b0cb-5e7d66893824}</UniqueIdentifier>
    </Filter>
    <Filter Include="playGround\이정민\enemyManager\enemy">
      <UniqueIdentifier>{ed757045-abef-4b6f-b815-bae0da9f9f65}</UniqueIdentifier>
    </Filter>
    <Filter Include="playGround\이정민\enemyManager\enemy\DarkWolf">
      <UniqueIdentifier>{fa799ace-32c8-4f7f-beda-1f309dedac8f}</UniqueIdentifier>
    </Filter>
    <Filter Include="playGround\이정민\enemyManager\enemy\WoodGiant">
      <UniqueIdentifier>{28289363-f50f-45b9-bbf4-c5e73d71c2d6}</UniqueIdentifier>
    </Filter>
    <Filter Include="playGround\정동윤\scenes\mainScene">
      <UniqueIdentifier>{fa3f557f-ea99-41b8-b00c-c7ab062924f3}</UniqueIdentifier>
    </Filter>
    <Filter Include="playGround\정동윤\scenes\selectScene\playerSelector">
      <UniqueIdentifier>{471700a4-56d1-4dc0-b5fb-45c133359700}</UniqueIdentifier>
    </Filter>
    <Filter Include="playGround\정동윤\scenes\fightScene">
      <UniqueIdentifier>{176c52d5-2ed8-4a70-a6a4-ec3a1cd6577a}</UniqueIdentifier>
    </Filter>
    <Filter Include="3DFrameWork\MANAGERS\skinnedMeshManager">
      <UniqueIdentifier>{cc76ef69-307d-4005-8ed4-2b2ac0b25358}</UniqueIdentifier>
    </Filter>
    <Filter Include="playGround\이정민\aStar">
      <UniqueIdentifier>{24444b4e-bc11-49f1-99b5-d2f89c462c09}</UniqueIdentifier>
    </Filter>
    <Filter Include="3DFrameWork\MANAGERS\randomFunction">
      <UniqueIdentifier>{70571374-212f-4f77-bd52-a082b52161d1}</UniqueIdentifier>
    </Filter>
    <Filter Include="3DFrameWork\MANAGERS\physXManager">
      <UniqueIdentifier>{cfea9c9d-aaf2-461c-9871-3848ed136cbf}</UniqueIdentifier>
    </Filter>
    <Filter Include="playGround\정동윤\particle">
      <UniqueIdentifier>{37b361b5-e408-4102-b6f8-91ee370ff914}</UniqueIdentifier>
    </Filter>
    <Filter Include="playGround\정동윤\playerManager">
      <UniqueIdentifier>{05cddc84-658a-421a-9e65-990301ff42ea}</UniqueIdentifier>
    </Filter>
    <Filter Include="playGround\정동윤\playerManager\player">
      <UniqueIdentifier>{30d7ba7e-a205-472a-b970-eeb22b8dc8c3}</UniqueIdentifier>
    </Filter>
    <Filter Include="playGround\김수빈\item">
      <UniqueIdentifier>{3fa6761d-1800-45dc-ba6a-26e478f43c54}</UniqueIdentifier>
    </Filter>
    <Filter Include="playGround\김수빈\item\kinds">
      <UniqueIdentifier>{69e694c0-1ee1-4cb1-bfd7-74780f1b4cdb}</UniqueIdentifier>
    </Filter>
    <Filter Include="playGround\정동윤\playerManager\player\zealot">
      <UniqueIdentifier>{9d0690d3-c2b5-4542-a3e2-e207faaffb96}</UniqueIdentifier>
    </Filter>
    <Filter Include="playGround\정동윤\playerManager\player\fepee">
      <UniqueIdentifier>{a9d0cd3a-77cd-4929-96a7-c72411cd956a}</UniqueIdentifier>
    </Filter>
    <Filter Include="playGround\정동윤\scenes\storyScene">
      <UniqueIdentifier>{fd5a3fd7-6377-4c4f-b1b9-ef16a42893e8}</UniqueIdentifier>
    </Filter>
    <Filter Include="playGround\정동윤\particle\particleSystems">
      <UniqueIdentifier>{c271acdc-3f1e-4da3-a09a-160848d15420}</UniqueIdentifier>
    </Filter>
    <Filter Include="playGround\한재선\storeScene">
      <UniqueIdentifier>{56faea86-e944-4078-a52f-3bac143d13d9}</UniqueIdentifier>
    </Filter>
    <Filter Include="playGround\이정민\enemyManager\enemy\BloodyQueen">
      <UniqueIdentifier>{2920642e-1b34-4ccf-8d57-f8ace9571ff7}</UniqueIdentifier>
    </Filter>
    <Filter Include="playGround\이정민\enemyManager\enemy\DarkLord">
      <UniqueIdentifier>{4a066f64-2a4c-4b97-a8ce-c0fc46dfd9c0}</UniqueIdentifier>
    </Filter>
    <Filter Include="playGround\정동윤\scenes\returnScene">
      <UniqueIdentifier>{3024fa00-949f-4ab9-b774-64da6b2e0d47}</UniqueIdentifier>
    </Filter>
    <Filter Include="3DFrameWork\progressBar">
      <UniqueIdentifier>{37ab5663-5407-4b9f-ab24-82b33b0bb47b}</UniqueIdentifier>
    </Filter>
    <Filter Include="playGround\한재선\appearBossScene">
      <UniqueIdentifier>{ea9a46c4-6c31-45da-b596-33fab99d7a14}</UniqueIdentifier>
    </Filter>
    <Filter Include="playGround\한재선\backgroundScene">
      <UniqueIdentifier>{25195a5a-dde3-443a-be47-921d6d02c9ae}</UniqueIdentifier>
    </Filter>
    <Filter Include="playGround\한재선\cameraWalk">
      <UniqueIdentifier>{26bc209d-aaf3-4597-b25b-57806f3eb04a}</UniqueIdentifier>
    </Filter>
    <Filter Include="playGround\정동윤\playerManager\player\reaper">
      <UniqueIdentifier>{0b5e6a41-5553-4bc4-b9a0-0cefd43b1631}</UniqueIdentifier>
    </Filter>
    <Filter Include="playGround\이정민\enemyManager\enemy\Anubis">
      <UniqueIdentifier>{76e2b25e-acde-4d09-a5c4-e348545c9b7b}</UniqueIdentifier>
    </Filter>
    <Filter Include="playGround\이정민\enemyManager\enemy\Durahan">
      <UniqueIdentifier>{7886de69-12f6-43a5-bcb0-1faff6db3a2c}</UniqueIdentifier>
    </Filter>
    <Filter Include="playGround\이정민\enemyParticle">
      <UniqueIdentifier>{117cdaa6-42e0-4fca-9116-872d4c474d60}</UniqueIdentifier>
    </Filter>
    <Filter Include="playGround\한재선\palyer">
      <UniqueIdentifier>{42cf7f82-2a8e-4393-b958-4c0829d2d781}</UniqueIdentifier>
    </Filter>
    <Filter Include="playGround\한재선\particle">
      <UniqueIdentifier>{e00549bf-fe44-4d69-b8b2-edf4f78388ef}</UniqueIdentifier>
    </Filter>
    <Filter Include="playGround\이정민\enemyManager\enemy\MudGolem">
      <UniqueIdentifier>{8a756e5b-2682-4a9a-bf12-fe695cac04cc}</UniqueIdentifier>
    </Filter>
    <Filter Include="playGround\이정민\enemyManager\enemy\Kerberos">
      <UniqueIdentifier>{1792a1af-53b1-4614-a151-bc848583c1bd}</UniqueIdentifier>
    </Filter>
    <Filter Include="playGround\이정민\enemyManager\enemy\Gargoyle">
      <UniqueIdentifier>{8c3bce46-40da-49f0-9a37-ab39fd7bce6b}</UniqueIdentifier>
    </Filter>
    <Filter Include="playGround\이정민\enemyManager\enemy\Zaken">
      <UniqueIdentifier>{3928d2e1-e3df-44d1-b3aa-91c11628f767}</UniqueIdentifier>
    </Filter>
    <Filter Include="playGround\이정민\enemyManager\FightEnemy">
      <UniqueIdentifier>{e5146d6c-c08c-4e31-9298-07c967f29873}</UniqueIdentifier>
    </Filter>
  </ItemGroup>
  <ItemGroup>
    <ClInclude Include="stdafx.h">
      <Filter>헤더 파일</Filter>
    </ClInclude>
    <ClInclude Include="targetver.h">
      <Filter>헤더 파일</Filter>
    </ClInclude>
    <ClInclude Include="ㅇ3ㅇ.h">
      <Filter>헤더 파일</Filter>
    </ClInclude>
    <ClInclude Include="deviceManager.h">
      <Filter>3DFrameWork\MANAGERS\deviceManager</Filter>
    </ClInclude>
    <ClInclude Include="camera.h">
      <Filter>playGround\camera</Filter>
    </ClInclude>
    <ClInclude Include="d3dMainGame.h">
      <Filter>playGround</Filter>
    </ClInclude>
    <ClInclude Include="cube.h">
      <Filter>playGround\cube</Filter>
    </ClInclude>
    <ClInclude Include="keyManager.h">
      <Filter>3DFrameWork\MANAGERS\keyManager</Filter>
    </ClInclude>
    <ClInclude Include="grid.h">
      <Filter>playGround\grid</Filter>
    </ClInclude>
    <ClInclude Include="textureManager.h">
      <Filter>3DFrameWork\MANAGERS\textureManager</Filter>
    </ClInclude>
    <ClInclude Include="cubeNode.h">
      <Filter>playGround\cube</Filter>
    </ClInclude>
    <ClInclude Include="commonMacroFunction.h">
      <Filter>헤더 파일</Filter>
    </ClInclude>
    <ClInclude Include="timeManager.h">
      <Filter>3DFrameWork\MANAGERS\timeManager</Filter>
    </ClInclude>
    <ClInclude Include="timer.h">
      <Filter>3DFrameWork\MANAGERS\timeManager</Filter>
    </ClInclude>
    <ClInclude Include="gameObject.h">
      <Filter>playGround\object</Filter>
    </ClInclude>
    <ClInclude Include="materialManager.h">
      <Filter>3DFrameWork\MANAGERS\materialManager</Filter>
    </ClInclude>
    <ClInclude Include="mtlTexData.h">
      <Filter>3DFrameWork\Parser</Filter>
    </ClInclude>
    <ClInclude Include="objLoadManager.h">
      <Filter>3DFrameWork\Parser\OBJ파일</Filter>
    </ClInclude>
    <ClInclude Include="ASELoadManager.h">
      <Filter>3DFrameWork\Parser\ASE파일</Filter>
    </ClInclude>
    <ClInclude Include="Asciitok.h">
      <Filter>3DFrameWork\Parser\ASE파일</Filter>
    </ClInclude>
    <ClInclude Include="objectNode.h">
      <Filter>playGround\object</Filter>
    </ClInclude>
    <ClInclude Include="resource.h">
      <Filter>헤더 파일</Filter>
    </ClInclude>
    <ClInclude Include="action.h">
      <Filter>playGround\action</Filter>
    </ClInclude>
    <ClInclude Include="actionBezier.h">
      <Filter>playGround\action</Filter>
    </ClInclude>
    <ClInclude Include="actionLinear.h">
      <Filter>playGround\action</Filter>
    </ClInclude>
    <ClInclude Include="actionRepeat.h">
      <Filter>playGround\action</Filter>
    </ClInclude>
    <ClInclude Include="actionSequence.h">
      <Filter>playGround\action</Filter>
    </ClInclude>
    <ClInclude Include="fontManager.h">
      <Filter>3DFrameWork\MANAGERS\fontManager</Filter>
    </ClInclude>
    <ClInclude Include="ray.h">
      <Filter>playGround\ray</Filter>
    </ClInclude>
    <ClInclude Include="AllocatedHierachy.h">
      <Filter>3DFrameWork\SkinnedMesh</Filter>
    </ClInclude>
    <ClInclude Include="skinnedMesh.h">
      <Filter>3DFrameWork\SkinnedMesh</Filter>
    </ClInclude>
    <ClInclude Include="soundManager.h">
      <Filter>3DFrameWork\MANAGERS\soundManager</Filter>
    </ClInclude>
    <ClInclude Include="iniDataManager.h">
      <Filter>3DFrameWork\MANAGERS\inidataManager</Filter>
    </ClInclude>
    <ClInclude Include="interfaceCharacter.h">
      <Filter>소스 파일</Filter>
    </ClInclude>
    <ClInclude Include="sceneManager.h">
      <Filter>3DFrameWork\MANAGERS\sceneManager</Filter>
    </ClInclude>
    <ClInclude Include="sceneInterface.h">
      <Filter>3DFrameWork\MANAGERS\sceneManager</Filter>
    </ClInclude>
    <ClInclude Include="image.h">
      <Filter>3DFrameWork\MANAGERS\imageManager</Filter>
    </ClInclude>
    <ClInclude Include="imageManager.h">
      <Filter>3DFrameWork\MANAGERS\imageManager</Filter>
    </ClInclude>
    <ClInclude Include="uiObject.h">
      <Filter>3DFrameWork\UIObject</Filter>
    </ClInclude>
    <ClInclude Include="uiButton.h">
      <Filter>3DFrameWork\UIObject\UIButton</Filter>
    </ClInclude>
    <ClInclude Include="uiImageView.h">
      <Filter>3DFrameWork\UIObject\UIImageView</Filter>
    </ClInclude>
    <ClInclude Include="uiTextView.h">
      <Filter>3DFrameWork\UIObject\UITextView</Filter>
    </ClInclude>
    <ClInclude Include="selectScene.h">
      <Filter>playGround\정동윤\scenes\selectScene</Filter>
    </ClInclude>
    <ClInclude Include="storeScene.h">
      <Filter>playGround\한재선\storeScene</Filter>
    </ClInclude>
    <ClInclude Include="storyScene.h">
      <Filter>playGround\정동윤\scenes\storyScene</Filter>
    </ClInclude>
    <ClInclude Include="playerManager.h">
      <Filter>playGround\정동윤\playerManager</Filter>
    </ClInclude>
    <ClInclude Include="darkWolf.h">
      <Filter>playGround\이정민\enemyManager\enemy\DarkWolf</Filter>
    </ClInclude>
    <ClInclude Include="woodGiant.h">
      <Filter>playGround\이정민\enemyManager\enemy\WoodGiant</Filter>
    </ClInclude>
    <ClInclude Include="mainScene.h">
      <Filter>playGround\정동윤\scenes\mainScene</Filter>
    </ClInclude>
    <ClInclude Include="gameMode.h">
      <Filter>playGround\정동윤\scenes</Filter>
    </ClInclude>
    <ClInclude Include="playerKeySet.h">
      <Filter>playGround\정동윤\playerManager\player</Filter>
    </ClInclude>
    <ClInclude Include="playerSelector.h">
      <Filter>playGround\정동윤\scenes\selectScene\playerSelector</Filter>
    </ClInclude>
    <ClInclude Include="fightScene.h">
      <Filter>playGround\정동윤\scenes\fightScene</Filter>
    </ClInclude>
    <ClInclude Include="skinnedMeshManager.h">
      <Filter>3DFrameWork\MANAGERS\skinnedMeshManager</Filter>
    </ClInclude>
    <ClInclude Include="enemy.h">
      <Filter>playGround\이정민\enemyManager\enemy</Filter>
    </ClInclude>
    <ClInclude Include="naviCell.h">
      <Filter>playGround\이정민\aStar</Filter>
    </ClInclude>
    <ClInclude Include="naviMesh.h">
      <Filter>playGround\이정민\aStar</Filter>
    </ClInclude>
    <ClInclude Include="aStar.h">
      <Filter>playGround\이정민\aStar</Filter>
    </ClInclude>
    <ClInclude Include="randomFunction.h">
      <Filter>3DFrameWork\MANAGERS\randomFunction</Filter>
    </ClInclude>
    <ClInclude Include="frustum.h">
      <Filter>playGround\camera</Filter>
    </ClInclude>
    <ClInclude Include="testCube.h">
      <Filter>playGround\이정민</Filter>
    </ClInclude>
    <ClInclude Include="physXManager.h">
      <Filter>3DFrameWork\MANAGERS\physXManager</Filter>
    </ClInclude>
    <ClInclude Include="enemyManager.h">
      <Filter>playGround\이정민</Filter>
    </ClInclude>
    <ClInclude Include="item.h">
      <Filter>playGround\김수빈\item</Filter>
    </ClInclude>
    <ClInclude Include="itemManager.h">
      <Filter>playGround\김수빈\item</Filter>
    </ClInclude>
    <ClInclude Include="particle.h">
      <Filter>playGround\정동윤\particle</Filter>
    </ClInclude>
    <ClInclude Include="player.h">
      <Filter>playGround\정동윤\playerManager\player</Filter>
    </ClInclude>
    <ClInclude Include="state.h">
      <Filter>playGround\이정민</Filter>
    </ClInclude>
    <ClInclude Include="stateContext.h">
      <Filter>playGround\이정민</Filter>
    </ClInclude>
    <ClInclude Include="playableCharacter.h">
      <Filter>playGround\정동윤\playerManager\player</Filter>
    </ClInclude>
    <ClInclude Include="item_gold.h">
      <Filter>playGround\김수빈\item\kinds</Filter>
    </ClInclude>
    <ClInclude Include="item_potion.h">
      <Filter>playGround\김수빈\item\kinds</Filter>
    </ClInclude>
    <ClInclude Include="zealot.h">
      <Filter>playGround\정동윤\playerManager\player\zealot</Filter>
    </ClInclude>
    <ClInclude Include="fepee.h">
      <Filter>playGround\정동윤\playerManager\player\fepee</Filter>
    </ClInclude>
    <ClInclude Include="fireBall.h">
      <Filter>playGround\정동윤\particle\particleSystems</Filter>
    </ClInclude>
    <ClInclude Include="poisonArrow.h">
      <Filter>playGround\정동윤\particle\particleSystems</Filter>
    </ClInclude>
    <ClInclude Include="snow.h">
      <Filter>playGround\정동윤\particle\particleSystems</Filter>
    </ClInclude>
    <ClInclude Include="fastBuff.h">
      <Filter>playGround\정동윤\particle\particleSystems</Filter>
    </ClInclude>
    <ClInclude Include="particleSystems.h">
      <Filter>playGround\정동윤\particle</Filter>
    </ClInclude>
    <ClInclude Include="hitEffect.h">
      <Filter>playGround\정동윤\particle\particleSystems</Filter>
    </ClInclude>
    <ClInclude Include="darkLord.h">
      <Filter>playGround\이정민\enemyManager\enemy\DarkLord</Filter>
    </ClInclude>
    <ClInclude Include="bloodyQueen.h">
      <Filter>playGround\이정민\enemyManager\enemy\BloodyQueen</Filter>
    </ClInclude>
    <ClInclude Include="returnScene.h">
      <Filter>playGround\정동윤\scenes\returnScene</Filter>
    </ClInclude>
    <ClInclude Include="background.h">
      <Filter>playGround\한재선\backgroundScene</Filter>
    </ClInclude>
    <ClInclude Include="appearEnemyScene.h">
      <Filter>playGround\한재선\appearBossScene</Filter>
    </ClInclude>
    <ClInclude Include="cameraWalk.h">
      <Filter>playGround\한재선\cameraWalk</Filter>
    </ClInclude>
    <ClInclude Include="reaper.h">
      <Filter>playGround\정동윤\playerManager\player\reaper</Filter>
    </ClInclude>
    <ClInclude Include="darkAura.h">
      <Filter>playGround\정동윤\particle\particleSystems</Filter>
    </ClInclude>
    <ClInclude Include="item_damage.h">
      <Filter>playGround\김수빈\item\kinds</Filter>
    </ClInclude>
    <ClInclude Include="item_speed.h">
      <Filter>playGround\김수빈\item\kinds</Filter>
    </ClInclude>
    <ClInclude Include="anubis.h">
      <Filter>playGround\이정민\enemyManager\enemy\Anubis</Filter>
    </ClInclude>
    <ClInclude Include="durahan.h">
      <Filter>playGround\이정민\enemyManager\enemy\Durahan</Filter>
    </ClInclude>
    <ClInclude Include="wind.h">
      <Filter>playGround\이정민\enemyParticle</Filter>
    </ClInclude>
    <ClInclude Include="ghostMode.h">
      <Filter>playGround\정동윤\particle\particleSystems</Filter>
    </ClInclude>
    <ClInclude Include="woodGiantPlayer.h">
      <Filter>playGround\한재선\palyer</Filter>
    </ClInclude>
    <ClInclude Include="leafAtk.h">
      <Filter>playGround\한재선\particle</Filter>
    </ClInclude>
    <ClInclude Include="gravityShot.h">
      <Filter>playGround\정동윤\particle\particleSystems</Filter>
    </ClInclude>
    <ClInclude Include="mudGolem.h">
      <Filter>playGround\이정민\enemyManager\enemy\MudGolem</Filter>
    </ClInclude>
    <ClInclude Include="zaken.h">
      <Filter>playGround\이정민\enemyManager\enemy\Zaken</Filter>
    </ClInclude>
    <ClInclude Include="kerberos.h">
      <Filter>playGround\이정민\enemyManager\enemy\Kerberos</Filter>
    </ClInclude>
    <ClInclude Include="gargoyle.h">
      <Filter>playGround\이정민\enemyManager\enemy\Gargoyle</Filter>
    </ClInclude>
    <ClInclude Include="hpBar.h">
      <Filter>3DFrameWork\progressBar</Filter>
    </ClInclude>
    <ClInclude Include="itemEffect.h">
      <Filter>playGround\정동윤\particle\particleSystems</Filter>
    </ClInclude>
    <ClInclude Include="fightEnemy.h">
      <Filter>playGround\이정민\enemyManager\FightEnemy</Filter>
    </ClInclude>
    <ClInclude Include="fightZealot.h">
      <Filter>playGround\이정민\enemyManager\FightEnemy</Filter>
    </ClInclude>
    <ClInclude Include="fightFepee.h">
      <Filter>playGround\이정민\enemyManager\FightEnemy</Filter>
    </ClInclude>
    <ClInclude Include="fightReper.h">
      <Filter>playGround\이정민\enemyManager\FightEnemy</Filter>
    </ClInclude>
    <ClInclude Include="fightWoodGiant.h">
      <Filter>playGround\이정민\enemyManager\FightEnemy</Filter>
    </ClInclude>
    <ClInclude Include="enemyDarkAura.h">
      <Filter>playGround\이정민\enemyParticle</Filter>
    </ClInclude>
    <ClInclude Include="item_defence.h">
      <Filter>playGround\김수빈\item\kinds</Filter>
    </ClInclude>
    <ClInclude Include="smoke.h">
      <Filter>playGround\이정민\enemyParticle</Filter>
    </ClInclude>
  </ItemGroup>
  <ItemGroup>
    <ClCompile Include="stdafx.cpp">
      <Filter>소스 파일</Filter>
    </ClCompile>
    <ClCompile Include="ㅇ3ㅇ.cpp">
      <Filter>소스 파일</Filter>
    </ClCompile>
    <ClCompile Include="deviceManager.cpp">
      <Filter>3DFrameWork\MANAGERS\deviceManager</Filter>
    </ClCompile>
    <ClCompile Include="camera.cpp">
      <Filter>playGround\camera</Filter>
    </ClCompile>
    <ClCompile Include="d3dMainGame.cpp">
      <Filter>playGround</Filter>
    </ClCompile>
    <ClCompile Include="cube.cpp">
      <Filter>playGround\cube</Filter>
    </ClCompile>
    <ClCompile Include="keyManager.cpp">
      <Filter>3DFrameWork\MANAGERS\keyManager</Filter>
    </ClCompile>
    <ClCompile Include="grid.cpp">
      <Filter>playGround\grid</Filter>
    </ClCompile>
    <ClCompile Include="textureManager.cpp">
      <Filter>3DFrameWork\MANAGERS\textureManager</Filter>
    </ClCompile>
    <ClCompile Include="cubeNode.cpp">
      <Filter>playGround\cube</Filter>
    </ClCompile>
    <ClCompile Include="timeManager.cpp">
      <Filter>3DFrameWork\MANAGERS\timeManager</Filter>
    </ClCompile>
    <ClCompile Include="timer.cpp">
      <Filter>3DFrameWork\MANAGERS\timeManager</Filter>
    </ClCompile>
    <ClCompile Include="gameObject.cpp">
      <Filter>playGround\object</Filter>
    </ClCompile>
    <ClCompile Include="materialManager.cpp">
      <Filter>3DFrameWork\MANAGERS\materialManager</Filter>
    </ClCompile>
    <ClCompile Include="objLoadManager.cpp">
      <Filter>3DFrameWork\Parser\OBJ파일</Filter>
    </ClCompile>
    <ClCompile Include="ASELoadManager.cpp">
      <Filter>3DFrameWork\Parser\ASE파일</Filter>
    </ClCompile>
    <ClCompile Include="objectNode.cpp">
      <Filter>playGround\object</Filter>
    </ClCompile>
    <ClCompile Include="action.cpp">
      <Filter>playGround\action</Filter>
    </ClCompile>
    <ClCompile Include="actionBezier.cpp">
      <Filter>playGround\action</Filter>
    </ClCompile>
    <ClCompile Include="actionLinear.cpp">
      <Filter>playGround\action</Filter>
    </ClCompile>
    <ClCompile Include="actionRepeat.cpp">
      <Filter>playGround\action</Filter>
    </ClCompile>
    <ClCompile Include="actionSequence.cpp">
      <Filter>playGround\action</Filter>
    </ClCompile>
    <ClCompile Include="fontManager.cpp">
      <Filter>3DFrameWork\MANAGERS\fontManager</Filter>
    </ClCompile>
    <ClCompile Include="ray.cpp">
      <Filter>playGround\ray</Filter>
    </ClCompile>
    <ClCompile Include="AllocatedHierachy.cpp">
      <Filter>3DFrameWork\SkinnedMesh</Filter>
    </ClCompile>
    <ClCompile Include="skinnedMesh.cpp">
      <Filter>3DFrameWork\SkinnedMesh</Filter>
    </ClCompile>
    <ClCompile Include="soundManager.cpp">
      <Filter>3DFrameWork\MANAGERS\soundManager</Filter>
    </ClCompile>
    <ClCompile Include="iniDataManager.cpp">
      <Filter>3DFrameWork\MANAGERS\inidataManager</Filter>
    </ClCompile>
    <ClCompile Include="interfaceCharacter.cpp">
      <Filter>소스 파일</Filter>
    </ClCompile>
    <ClCompile Include="sceneManager.cpp">
      <Filter>3DFrameWork\MANAGERS\sceneManager</Filter>
    </ClCompile>
    <ClCompile Include="image.cpp">
      <Filter>3DFrameWork\MANAGERS\imageManager</Filter>
    </ClCompile>
    <ClCompile Include="imageManager.cpp">
      <Filter>3DFrameWork\MANAGERS\imageManager</Filter>
    </ClCompile>
    <ClCompile Include="uiObject.cpp">
      <Filter>3DFrameWork\UIObject</Filter>
    </ClCompile>
    <ClCompile Include="uiButton.cpp">
      <Filter>3DFrameWork\UIObject\UIButton</Filter>
    </ClCompile>
    <ClCompile Include="uiImageView.cpp">
      <Filter>3DFrameWork\UIObject\UIImageView</Filter>
    </ClCompile>
    <ClCompile Include="uiTextView.cpp">
      <Filter>3DFrameWork\UIObject\UITextView</Filter>
    </ClCompile>
    <ClCompile Include="selectScene.cpp">
      <Filter>playGround\정동윤\scenes\selectScene</Filter>
    </ClCompile>
    <ClCompile Include="storeScene.cpp">
      <Filter>playGround\한재선\storeScene</Filter>
    </ClCompile>
    <ClCompile Include="storyScene.cpp">
      <Filter>playGround\정동윤\scenes\storyScene</Filter>
    </ClCompile>
    <ClCompile Include="playerManager.cpp">
      <Filter>playGround\정동윤\playerManager</Filter>
    </ClCompile>
    <ClCompile Include="darkWolf.cpp">
      <Filter>playGround\이정민\enemyManager\enemy\DarkWolf</Filter>
    </ClCompile>
    <ClCompile Include="woodGiant.cpp">
      <Filter>playGround\이정민\enemyManager\enemy\WoodGiant</Filter>
    </ClCompile>
    <ClCompile Include="mainScene.cpp">
      <Filter>playGround\정동윤\scenes\mainScene</Filter>
    </ClCompile>
    <ClCompile Include="playerSelector.cpp">
      <Filter>playGround\정동윤\scenes\selectScene\playerSelector</Filter>
    </ClCompile>
    <ClCompile Include="fightScene.cpp">
      <Filter>playGround\정동윤\scenes\fightScene</Filter>
    </ClCompile>
    <ClCompile Include="skinnedMeshManager.cpp">
      <Filter>3DFrameWork\MANAGERS\skinnedMeshManager</Filter>
    </ClCompile>
    <ClCompile Include="enemy.cpp">
      <Filter>playGround\이정민\enemyManager\enemy</Filter>
    </ClCompile>
    <ClCompile Include="naviCell.cpp">
      <Filter>playGround\이정민\aStar</Filter>
    </ClCompile>
    <ClCompile Include="naviMesh.cpp">
      <Filter>playGround\이정민\aStar</Filter>
    </ClCompile>
    <ClCompile Include="aStar.cpp">
      <Filter>playGround\이정민\aStar</Filter>
    </ClCompile>
    <ClCompile Include="randomFunction.cpp">
      <Filter>3DFrameWork\MANAGERS\randomFunction</Filter>
    </ClCompile>
    <ClCompile Include="frustum.cpp">
      <Filter>playGround\camera</Filter>
    </ClCompile>
    <ClCompile Include="testCube.cpp">
      <Filter>playGround\이정민</Filter>
    </ClCompile>
    <ClCompile Include="physXManager.cpp">
      <Filter>3DFrameWork\MANAGERS\physXManager</Filter>
    </ClCompile>
    <ClCompile Include="enemyManager.cpp">
      <Filter>playGround\이정민</Filter>
    </ClCompile>
    <ClCompile Include="item.cpp">
      <Filter>playGround\김수빈\item</Filter>
    </ClCompile>
    <ClCompile Include="itemManager.cpp">
      <Filter>playGround\김수빈\item</Filter>
    </ClCompile>
    <ClCompile Include="particle.cpp">
      <Filter>playGround\정동윤\particle</Filter>
    </ClCompile>
    <ClCompile Include="player.cpp">
      <Filter>playGround\정동윤\playerManager\player</Filter>
    </ClCompile>
    <ClCompile Include="state.cpp">
      <Filter>playGround\이정민</Filter>
    </ClCompile>
    <ClCompile Include="stateContext.cpp">
      <Filter>playGround\이정민</Filter>
    </ClCompile>
    <ClCompile Include="enemyState.cpp">
      <Filter>playGround\이정민\enemyManager\enemy</Filter>
    </ClCompile>
    <ClCompile Include="item_gold.cpp">
      <Filter>playGround\김수빈\item\kinds</Filter>
    </ClCompile>
    <ClCompile Include="item_potion.cpp">
      <Filter>playGround\김수빈\item\kinds</Filter>
    </ClCompile>
    <ClCompile Include="zealot.cpp">
      <Filter>playGround\정동윤\playerManager\player\zealot</Filter>
    </ClCompile>
    <ClCompile Include="fepee.cpp">
      <Filter>playGround\정동윤\playerManager\player\fepee</Filter>
    </ClCompile>
    <ClCompile Include="fireBall.cpp">
      <Filter>playGround\정동윤\particle\particleSystems</Filter>
    </ClCompile>
    <ClCompile Include="poisonArrow.cpp">
      <Filter>playGround\정동윤\particle\particleSystems</Filter>
    </ClCompile>
    <ClCompile Include="snow.cpp">
      <Filter>playGround\정동윤\particle\particleSystems</Filter>
    </ClCompile>
    <ClCompile Include="fastBuff.cpp">
      <Filter>playGround\정동윤\particle\particleSystems</Filter>
    </ClCompile>
    <ClCompile Include="hitEffect.cpp">
      <Filter>playGround\정동윤\particle\particleSystems</Filter>
    </ClCompile>
    <ClCompile Include="darkLord.cpp">
      <Filter>playGround\이정민\enemyManager\enemy\DarkLord</Filter>
    </ClCompile>
    <ClCompile Include="bloodyQueen.cpp">
      <Filter>playGround\이정민\enemyManager\enemy\BloodyQueen</Filter>
    </ClCompile>
    <ClCompile Include="returnScene.cpp">
      <Filter>playGround\정동윤\scenes\returnScene</Filter>
    </ClCompile>
    <ClCompile Include="background.cpp">
      <Filter>playGround\한재선\backgroundScene</Filter>
    </ClCompile>
    <ClCompile Include="appearEnemyScene.cpp">
      <Filter>playGround\한재선\appearBossScene</Filter>
    </ClCompile>
    <ClCompile Include="cameraWalk.cpp">
      <Filter>playGround\한재선\cameraWalk</Filter>
    </ClCompile>
    <ClCompile Include="reaper.cpp">
      <Filter>playGround\정동윤\playerManager\player\reaper</Filter>
    </ClCompile>
    <ClCompile Include="darkAura.cpp">
      <Filter>playGround\정동윤\particle\particleSystems</Filter>
    </ClCompile>
    <ClCompile Include="item_damage.cpp">
      <Filter>playGround\김수빈\item\kinds</Filter>
    </ClCompile>
    <ClCompile Include="item_speed.cpp">
      <Filter>playGround\김수빈\item\kinds</Filter>
    </ClCompile>
    <ClCompile Include="anubis.cpp">
      <Filter>playGround\이정민\enemyManager\enemy\Anubis</Filter>
    </ClCompile>
    <ClCompile Include="durahan.cpp">
      <Filter>playGround\이정민\enemyManager\enemy\Durahan</Filter>
    </ClCompile>
    <ClCompile Include="wind.cpp">
      <Filter>playGround\이정민\enemyParticle</Filter>
    </ClCompile>
    <ClCompile Include="ghostMode.cpp">
      <Filter>playGround\정동윤\particle\particleSystems</Filter>
    </ClCompile>
    <ClCompile Include="woodGiantPlayer.cpp">
      <Filter>playGround\한재선\palyer</Filter>
    </ClCompile>
    <ClCompile Include="leafAtk.cpp">
      <Filter>playGround\한재선\particle</Filter>
    </ClCompile>
    <ClCompile Include="gravityShot.cpp">
      <Filter>playGround\정동윤\particle\particleSystems</Filter>
    </ClCompile>
    <ClCompile Include="mudGolem.cpp">
      <Filter>playGround\이정민\enemyManager\enemy\MudGolem</Filter>
    </ClCompile>
    <ClCompile Include="zaken.cpp">
      <Filter>playGround\이정민\enemyManager\enemy\Zaken</Filter>
    </ClCompile>
    <ClCompile Include="kerberos.cpp">
      <Filter>playGround\이정민\enemyManager\enemy\Kerberos</Filter>
    </ClCompile>
    <ClCompile Include="gargoyle.cpp">
      <Filter>playGround\이정민\enemyManager\enemy\Gargoyle</Filter>
    </ClCompile>
    <ClCompile Include="hpBar.cpp">
      <Filter>3DFrameWork\progressBar</Filter>
    </ClCompile>
    <ClCompile Include="itemEffect.cpp">
      <Filter>playGround\정동윤\particle\particleSystems</Filter>
    </ClCompile>
    <ClCompile Include="fightEnemy.cpp">
      <Filter>playGround\이정민\enemyManager\FightEnemy</Filter>
    </ClCompile>
    <ClCompile Include="fightZealot.cpp">
      <Filter>playGround\이정민\enemyManager\FightEnemy</Filter>
    </ClCompile>
    <ClCompile Include="fightFepee.cpp">
      <Filter>playGround\이정민\enemyManager\FightEnemy</Filter>
    </ClCompile>
    <ClCompile Include="fightReper.cpp">
      <Filter>playGround\이정민\enemyManager\FightEnemy</Filter>
    </ClCompile>
    <ClCompile Include="fightWoodGiant.cpp">
      <Filter>playGround\이정민\enemyManager\FightEnemy</Filter>
    </ClCompile>
    <ClCompile Include="enemyDarkAura.cpp">
      <Filter>playGround\이정민\enemyParticle</Filter>
    </ClCompile>
    <ClCompile Include="item_defence.cpp">
      <Filter>playGround\김수빈\item\kinds</Filter>
    </ClCompile>
    <ClCompile Include="smoke.cpp">
      <Filter>playGround\이정민\enemyParticle</Filter>
    </ClCompile>
  </ItemGroup>
  <ItemGroup>
    <ResourceCompile Include="ㅇ3ㅇ.rc">
      <Filter>리소스 파일</Filter>
    </ResourceCompile>
  </ItemGroup>
  <ItemGroup>
    <Image Include="small.ico">
      <Filter>리소스 파일</Filter>
    </Image>
    <Image Include="ㅇ3ㅇ.ico">
      <Filter>리소스 파일</Filter>
    </Image>
  </ItemGroup>
</Project>